
Microsoft Visual Studio Solution File, Format Version 12.00
# Visual Studio Version 17
VisualStudioVersion = 17.10.34916.146
MinimumVisualStudioVersion = 10.0.40219.1
Project("{FAE04EC0-301F-11D3-BF4B-00C04F79EFBC}") = "habit-tracker", "habit-tracker\habit-tracker.csproj", "{475F2A63-3747-4872-BD3F-FA2C25B03717}"
EndProject
Global
	GlobalSection(SolutionConfigurationPlatforms) = preSolution
		Debug|Any CPU = Debug|Any CPU
		Release|Any CPU = Release|Any CPU
	EndGlobalSection
	GlobalSection(ProjectConfigurationPlatforms) = postSolution
		{475F2A63-3747-4872-BD3F-FA2C25B03717}.Debug|Any CPU.ActiveCfg = Debug|Any CPU
		{475F2A63-3747-4872-BD3F-FA2C25B03717}.Debug|Any CPU.Build.0 = Debug|Any CPU
		{475F2A63-3747-4872-BD3F-FA2C25B03717}.Release|Any CPU.ActiveCfg = Release|Any CPU
		{475F2A63-3747-4872-BD3F-FA2C25B03717}.Release|Any CPU.Build.0 = Release|Any CPU
	EndGlobalSection
	GlobalSection(SolutionProperties) = preSolution
		HideSolutionNode = FALSE
	EndGlobalSection
	GlobalSection(ExtensibilityGlobals) = postSolution
		SolutionGuid = {66EC2B1E-69C0-442C-8242-51CF3108741A}
	EndGlobalSection
EndGlobal
